
Microsoft Visual Studio Solution File, Format Version 12.00
# Visual Studio Version 17
VisualStudioVersion = 17.8.34330.188
MinimumVisualStudioVersion = 10.0.40219.1
Project("{FAE04EC0-301F-11D3-BF4B-00C04F79EFBC}") = "HabitLogger.ltc870", "HabitLogger.ltc870.csproj", "{1C61B4F9-B386-4C3D-81D9-51576650BE4F}"
EndProject
Global
	GlobalSection(SolutionConfigurationPlatforms) = preSolution
		Debug|Any CPU = Debug|Any CPU
		Release|Any CPU = Release|Any CPU
	EndGlobalSection
	GlobalSection(ProjectConfigurationPlatforms) = postSolution
		{1C61B4F9-B386-4C3D-81D9-51576650BE4F}.Debug|Any CPU.ActiveCfg = Debug|Any CPU
		{1C61B4F9-B386-4C3D-81D9-51576650BE4F}.Debug|Any CPU.Build.0 = Debug|Any CPU
		{1C61B4F9-B386-4C3D-81D9-51576650BE4F}.Release|Any CPU.ActiveCfg = Release|Any CPU
		{1C61B4F9-B386-4C3D-81D9-51576650BE4F}.Release|Any CPU.Build.0 = Release|Any CPU
	EndGlobalSection
	GlobalSection(SolutionProperties) = preSolution
		HideSolutionNode = FALSE
	EndGlobalSection
	GlobalSection(ExtensibilityGlobals) = postSolution
		SolutionGuid = {61FF8103-BEC4-47C1-B711-DF85B121E845}
	EndGlobalSection
EndGlobal
